
Microsoft Visual Studio Solution File, Format Version 12.00
# Visual Studio Version 16
VisualStudioVersion = 16.0.31624.102
MinimumVisualStudioVersion = 10.0.40219.1
Project("{FAE04EC0-301F-11D3-BF4B-00C04F79EFBC}") = "FluentValidationUI", "FluentValidationUI.csproj", "{C7774C6D-AFCA-41B7-96B4-6B6776EFA8F3}"
EndProject
Project("{FAE04EC0-301F-11D3-BF4B-00C04F79EFBC}") = "FluentValidationLib", "..\FluentValidationLib\FluentValidationLib.csproj", "{652C2475-199D-46E1-A4B4-F7D9E3FDB2B5}"
EndProject
Global
	GlobalSection(SolutionConfigurationPlatforms) = preSolution
		Debug|Any CPU = Debug|Any CPU
		Release|Any CPU = Release|Any CPU
	EndGlobalSection
	GlobalSection(ProjectConfigurationPlatforms) = postSolution
		{C7774C6D-AFCA-41B7-96B4-6B6776EFA8F3}.Debug|Any CPU.ActiveCfg = Debug|Any CPU
		{C7774C6D-AFCA-41B7-96B4-6B6776EFA8F3}.Debug|Any CPU.Build.0 = Debug|Any CPU
		{C7774C6D-AFCA-41B7-96B4-6B6776EFA8F3}.Release|Any CPU.ActiveCfg = Release|Any CPU
		{C7774C6D-AFCA-41B7-96B4-6B6776EFA8F3}.Release|Any CPU.Build.0 = Release|Any CPU
		{652C2475-199D-46E1-A4B4-F7D9E3FDB2B5}.Debug|Any CPU.ActiveCfg = Debug|Any CPU
		{652C2475-199D-46E1-A4B4-F7D9E3FDB2B5}.Debug|Any CPU.Build.0 = Debug|Any CPU
		{652C2475-199D-46E1-A4B4-F7D9E3FDB2B5}.Release|Any CPU.ActiveCfg = Release|Any CPU
		{652C2475-199D-46E1-A4B4-F7D9E3FDB2B5}.Release|Any CPU.Build.0 = Release|Any CPU
	EndGlobalSection
	GlobalSection(SolutionProperties) = preSolution
		HideSolutionNode = FALSE
	EndGlobalSection
	GlobalSection(ExtensibilityGlobals) = postSolution
		SolutionGuid = {893225D9-E130-47D2-A84C-08E1B4EEA914}
	EndGlobalSection
EndGlobal
